
Microsoft Visual Studio Solution File, Format Version 12.00
# Visual Studio 2013
VisualStudioVersion = 12.0.21005.1
MinimumVisualStudioVersion = 10.0.40219.1
Project("{FAE04EC0-301F-11D3-BF4B-00C04F79EFBC}") = "DBSBank", "DBSBank\DBSBank.csproj", "{1F57F1FD-42F8-49D7-BF81-F1FF304061B0}"
EndProject
Project("{FAE04EC0-301F-11D3-BF4B-00C04F79EFBC}") = "BIZ", "BIZ\BIZ.csproj", "{1026744C-884A-4944-B3A4-DB171FCE0A7A}"
EndProject
Project("{FAE04EC0-301F-11D3-BF4B-00C04F79EFBC}") = "DAL", "DAL\DAL.csproj", "{4FB2FEE9-E723-4D42-B4A9-E9B0420A96A5}"
EndProject
Project("{FAE04EC0-301F-11D3-BF4B-00C04F79EFBC}") = "UnitTests", "UnitTests\UnitTests.csproj", "{24027F50-9A39-49E4-93E0-AEC6ED2A93E8}"
EndProject
Global
	GlobalSection(SolutionConfigurationPlatforms) = preSolution
		Debug|Any CPU = Debug|Any CPU
		Release|Any CPU = Release|Any CPU
	EndGlobalSection
	GlobalSection(ProjectConfigurationPlatforms) = postSolution
		{1F57F1FD-42F8-49D7-BF81-F1FF304061B0}.Debug|Any CPU.ActiveCfg = Debug|Any CPU
		{1F57F1FD-42F8-49D7-BF81-F1FF304061B0}.Debug|Any CPU.Build.0 = Debug|Any CPU
		{1F57F1FD-42F8-49D7-BF81-F1FF304061B0}.Release|Any CPU.ActiveCfg = Release|Any CPU
		{1F57F1FD-42F8-49D7-BF81-F1FF304061B0}.Release|Any CPU.Build.0 = Release|Any CPU
		{1026744C-884A-4944-B3A4-DB171FCE0A7A}.Debug|Any CPU.ActiveCfg = Debug|Any CPU
		{1026744C-884A-4944-B3A4-DB171FCE0A7A}.Debug|Any CPU.Build.0 = Debug|Any CPU
		{1026744C-884A-4944-B3A4-DB171FCE0A7A}.Release|Any CPU.ActiveCfg = Release|Any CPU
		{1026744C-884A-4944-B3A4-DB171FCE0A7A}.Release|Any CPU.Build.0 = Release|Any CPU
		{4FB2FEE9-E723-4D42-B4A9-E9B0420A96A5}.Debug|Any CPU.ActiveCfg = Debug|Any CPU
		{4FB2FEE9-E723-4D42-B4A9-E9B0420A96A5}.Debug|Any CPU.Build.0 = Debug|Any CPU
		{4FB2FEE9-E723-4D42-B4A9-E9B0420A96A5}.Release|Any CPU.ActiveCfg = Release|Any CPU
		{4FB2FEE9-E723-4D42-B4A9-E9B0420A96A5}.Release|Any CPU.Build.0 = Release|Any CPU
		{24027F50-9A39-49E4-93E0-AEC6ED2A93E8}.Debug|Any CPU.ActiveCfg = Debug|Any CPU
		{24027F50-9A39-49E4-93E0-AEC6ED2A93E8}.Debug|Any CPU.Build.0 = Debug|Any CPU
		{24027F50-9A39-49E4-93E0-AEC6ED2A93E8}.Release|Any CPU.ActiveCfg = Release|Any CPU
		{24027F50-9A39-49E4-93E0-AEC6ED2A93E8}.Release|Any CPU.Build.0 = Release|Any CPU
	EndGlobalSection
	GlobalSection(SolutionProperties) = preSolution
		HideSolutionNode = FALSE
	EndGlobalSection
EndGlobal
